
Microsoft Visual Studio Solution File, Format Version 12.00
# Visual Studio Version 17
VisualStudioVersion = 17.7.34031.279
MinimumVisualStudioVersion = 10.0.40219.1
Project("{FAE04EC0-301F-11D3-BF4B-00C04F79EFBC}") = "example", "example\example.csproj", "{2E726A8B-14FB-40DB-91A4-AAB12750D8AA}"
EndProject
Global
	GlobalSection(SolutionConfigurationPlatforms) = preSolution
		Debug|Any CPU = Debug|Any CPU
		Release|Any CPU = Release|Any CPU
	EndGlobalSection
	GlobalSection(ProjectConfigurationPlatforms) = postSolution
		{2E726A8B-14FB-40DB-91A4-AAB12750D8AA}.Debug|Any CPU.ActiveCfg = Debug|Any CPU
		{2E726A8B-14FB-40DB-91A4-AAB12750D8AA}.Debug|Any CPU.Build.0 = Debug|Any CPU
		{2E726A8B-14FB-40DB-91A4-AAB12750D8AA}.Release|Any CPU.ActiveCfg = Release|Any CPU
		{2E726A8B-14FB-40DB-91A4-AAB12750D8AA}.Release|Any CPU.Build.0 = Release|Any CPU
	EndGlobalSection
	GlobalSection(SolutionProperties) = preSolution
		HideSolutionNode = FALSE
	EndGlobalSection
	GlobalSection(ExtensibilityGlobals) = postSolution
		SolutionGuid = {D238B451-AFC8-4079-AEDF-236F353A1A24}
	EndGlobalSection
EndGlobal
